
Microsoft Visual Studio Solution File, Format Version 12.00
# Visual Studio Version 17
VisualStudioVersion = 17.1.32421.90
MinimumVisualStudioVersion = 10.0.40219.1
Project("{FAE04EC0-301F-11D3-BF4B-00C04F79EFBC}") = "Mastermind_Interface", "Mastermind_Interface\Mastermind_Interface.csproj", "{6003A762-866C-4899-B837-2DAE2A694E83}"
EndProject
Global
	GlobalSection(SolutionConfigurationPlatforms) = preSolution
		Debug|Any CPU = Debug|Any CPU
		Release|Any CPU = Release|Any CPU
	EndGlobalSection
	GlobalSection(ProjectConfigurationPlatforms) = postSolution
		{6003A762-866C-4899-B837-2DAE2A694E83}.Debug|Any CPU.ActiveCfg = Debug|Any CPU
		{6003A762-866C-4899-B837-2DAE2A694E83}.Debug|Any CPU.Build.0 = Debug|Any CPU
		{6003A762-866C-4899-B837-2DAE2A694E83}.Release|Any CPU.ActiveCfg = Release|Any CPU
		{6003A762-866C-4899-B837-2DAE2A694E83}.Release|Any CPU.Build.0 = Release|Any CPU
	EndGlobalSection
	GlobalSection(SolutionProperties) = preSolution
		HideSolutionNode = FALSE
	EndGlobalSection
	GlobalSection(ExtensibilityGlobals) = postSolution
		SolutionGuid = {33AF39C2-C1D2-4D5D-B3A1-CCFE6F04E3BD}
	EndGlobalSection
EndGlobal
